
Microsoft Visual Studio Solution File, Format Version 12.00
# Visual Studio 15
VisualStudioVersion = 15.0.26730.16
MinimumVisualStudioVersion = 10.0.40219.1
Project("{FAE04EC0-301F-11D3-BF4B-00C04F79EFBC}") = "HandlingExceptions", "HandlingExceptions\HandlingExceptions.csproj", "{0E80B3DF-0391-4399-A3C8-03DE294A50BB}"
EndProject
Global
	GlobalSection(SolutionConfigurationPlatforms) = preSolution
		Debug|Any CPU = Debug|Any CPU
		Release|Any CPU = Release|Any CPU
	EndGlobalSection
	GlobalSection(ProjectConfigurationPlatforms) = postSolution
		{0E80B3DF-0391-4399-A3C8-03DE294A50BB}.Debug|Any CPU.ActiveCfg = Debug|Any CPU
		{0E80B3DF-0391-4399-A3C8-03DE294A50BB}.Debug|Any CPU.Build.0 = Debug|Any CPU
		{0E80B3DF-0391-4399-A3C8-03DE294A50BB}.Release|Any CPU.ActiveCfg = Release|Any CPU
		{0E80B3DF-0391-4399-A3C8-03DE294A50BB}.Release|Any CPU.Build.0 = Release|Any CPU
	EndGlobalSection
	GlobalSection(SolutionProperties) = preSolution
		HideSolutionNode = FALSE
	EndGlobalSection
	GlobalSection(ExtensibilityGlobals) = postSolution
		SolutionGuid = {F3B87E8E-5C30-4458-91FE-B5C3F6F76086}
	EndGlobalSection
EndGlobal
